
Microsoft Visual Studio Solution File, Format Version 12.00
# Visual Studio Version 17
VisualStudioVersion = 17.8.34511.84
MinimumVisualStudioVersion = 10.0.40219.1
Project("{FAE04EC0-301F-11D3-BF4B-00C04F79EFBC}") = "VehicleData", "VehicleData\VehicleData.csproj", "{76FB281B-8DF7-421B-BFB8-AE73BAF1F0BF}"
EndProject
Global
	GlobalSection(SolutionConfigurationPlatforms) = preSolution
		Debug|Any CPU = Debug|Any CPU
		Release|Any CPU = Release|Any CPU
	EndGlobalSection
	GlobalSection(ProjectConfigurationPlatforms) = postSolution
		{76FB281B-8DF7-421B-BFB8-AE73BAF1F0BF}.Debug|Any CPU.ActiveCfg = Debug|Any CPU
		{76FB281B-8DF7-421B-BFB8-AE73BAF1F0BF}.Debug|Any CPU.Build.0 = Debug|Any CPU
		{76FB281B-8DF7-421B-BFB8-AE73BAF1F0BF}.Release|Any CPU.ActiveCfg = Release|Any CPU
		{76FB281B-8DF7-421B-BFB8-AE73BAF1F0BF}.Release|Any CPU.Build.0 = Release|Any CPU
	EndGlobalSection
	GlobalSection(SolutionProperties) = preSolution
		HideSolutionNode = FALSE
	EndGlobalSection
	GlobalSection(ExtensibilityGlobals) = postSolution
		SolutionGuid = {BF08B928-D941-4029-A5D0-0AB8C85D6AD6}
	EndGlobalSection
EndGlobal
